DEPENDENCIES
  mongo
    git: git@github.com:EduardasV/SpartaGlobal-ChefMongoCookbook.git
    revision: ddc2a25d7f769b186362c6c708a36bdbb895e6c6
  node
    git: git@github.com:EduardasV/SpartaGlobal-ChefNodeCookbook.git
    revision: 2add79a250e9cb117657654d2a5ca651daa324e6

GRAPH
  ark (4.0.0)
    build-essential (>= 0.0.0)
    seven_zip (>= 0.0.0)
  build-essential (8.2.1)
    mingw (>= 1.1)
    seven_zip (>= 0.0.0)
  mingw (2.1.0)
    seven_zip (>= 0.0.0)
  mongo (0.1.0)
  node (0.1.0)
    nodejs (~> 5.0.0)
  nodejs (5.0.0)
    ark (>= 2.0.2)
    build-essential (>= 0.0.0)
  seven_zip (3.0.0)
    windows (>= 0.0.0)
  windows (5.1.1)
